
Microsoft Visual Studio Solution File, Format Version 12.00
# Visual Studio 15
VisualStudioVersion = 15.0.28010.2046
MinimumVisualStudioVersion = 10.0.40219.1
Project("{FAE04EC0-301F-11D3-BF4B-00C04F79EFBC}") = "TLWController", "5.TLWController\TLWController\TLWController.csproj", "{6AC1C58E-290F-438E-AAA0-372CA0BC80FF}"
EndProject
Project("{FAE04EC0-301F-11D3-BF4B-00C04F79EFBC}") = "TLWCommunication", "7.公共类\TLWCommand\TLWCommunication.csproj", "{FC81601A-1046-4168-8623-B974E6098108}"
EndProject
Project("{FAE04EC0-301F-11D3-BF4B-00C04F79EFBC}") = "SFTHelper", "7.公共类\SFTHelper\SFTHelper.csproj", "{8B5E6A3D-D374-4E3F-A11F-1BB362AB6937}"
EndProject
Global
	GlobalSection(SolutionConfigurationPlatforms) = preSolution
		Debug|Any CPU = Debug|Any CPU
		Release|Any CPU = Release|Any CPU
	EndGlobalSection
	GlobalSection(ProjectConfigurationPlatforms) = postSolution
		{6AC1C58E-290F-438E-AAA0-372CA0BC80FF}.Debug|Any CPU.ActiveCfg = Debug|Any CPU
		{6AC1C58E-290F-438E-AAA0-372CA0BC80FF}.Debug|Any CPU.Build.0 = Debug|Any CPU
		{6AC1C58E-290F-438E-AAA0-372CA0BC80FF}.Release|Any CPU.ActiveCfg = Release|Any CPU
		{6AC1C58E-290F-438E-AAA0-372CA0BC80FF}.Release|Any CPU.Build.0 = Release|Any CPU
		{FC81601A-1046-4168-8623-B974E6098108}.Debug|Any CPU.ActiveCfg = Debug|Any CPU
		{FC81601A-1046-4168-8623-B974E6098108}.Debug|Any CPU.Build.0 = Debug|Any CPU
		{FC81601A-1046-4168-8623-B974E6098108}.Release|Any CPU.ActiveCfg = Release|Any CPU
		{FC81601A-1046-4168-8623-B974E6098108}.Release|Any CPU.Build.0 = Release|Any CPU
		{8B5E6A3D-D374-4E3F-A11F-1BB362AB6937}.Debug|Any CPU.ActiveCfg = Debug|Any CPU
		{8B5E6A3D-D374-4E3F-A11F-1BB362AB6937}.Debug|Any CPU.Build.0 = Debug|Any CPU
		{8B5E6A3D-D374-4E3F-A11F-1BB362AB6937}.Release|Any CPU.ActiveCfg = Release|Any CPU
		{8B5E6A3D-D374-4E3F-A11F-1BB362AB6937}.Release|Any CPU.Build.0 = Release|Any CPU
	EndGlobalSection
	GlobalSection(SolutionProperties) = preSolution
		HideSolutionNode = FALSE
	EndGlobalSection
	GlobalSection(ExtensibilityGlobals) = postSolution
		SolutionGuid = {A168BCEE-FCF4-4E9F-AA72-519D58C6F65E}
	EndGlobalSection
EndGlobal
